
Microsoft Visual Studio Solution File, Format Version 12.00
# Visual Studio 15
VisualStudioVersion = 15.0.28307.539
MinimumVisualStudioVersion = 10.0.40219.1
Project("{FAE04EC0-301F-11D3-BF4B-00C04F79EFBC}") = "PrimeirosPassos.Data", "PrimeirosPassos.Data\PrimeirosPassos.Data.csproj", "{17A3E9B4-6326-41DD-8FF0-3AD3514017BD}"
EndProject
Project("{FAE04EC0-301F-11D3-BF4B-00C04F79EFBC}") = "PrimeirosPassos.Domain", "PrimeirosPassos.Domain\PrimeirosPassos.Domain.csproj", "{AD37D53C-4A61-4444-9134-165D4ECBDA8E}"
EndProject
Project("{FAE04EC0-301F-11D3-BF4B-00C04F79EFBC}") = "Application", "Application\Application.csproj", "{22D0EBD3-0FC7-4D52-ADF8-5699DF8D32B7}"
EndProject
Project("{FAE04EC0-301F-11D3-BF4B-00C04F79EFBC}") = "WinForms", "WinForms\WinForms.csproj", "{EFE9828A-6D35-4062-90B1-7D3FE93DB74D}"
EndProject
Global
	GlobalSection(SolutionConfigurationPlatforms) = preSolution
		Debug|Any CPU = Debug|Any CPU
		Release|Any CPU = Release|Any CPU
	EndGlobalSection
	GlobalSection(ProjectConfigurationPlatforms) = postSolution
		{17A3E9B4-6326-41DD-8FF0-3AD3514017BD}.Debug|Any CPU.ActiveCfg = Debug|Any CPU
		{17A3E9B4-6326-41DD-8FF0-3AD3514017BD}.Debug|Any CPU.Build.0 = Debug|Any CPU
		{17A3E9B4-6326-41DD-8FF0-3AD3514017BD}.Release|Any CPU.ActiveCfg = Release|Any CPU
		{17A3E9B4-6326-41DD-8FF0-3AD3514017BD}.Release|Any CPU.Build.0 = Release|Any CPU
		{AD37D53C-4A61-4444-9134-165D4ECBDA8E}.Debug|Any CPU.ActiveCfg = Debug|Any CPU
		{AD37D53C-4A61-4444-9134-165D4ECBDA8E}.Debug|Any CPU.Build.0 = Debug|Any CPU
		{AD37D53C-4A61-4444-9134-165D4ECBDA8E}.Release|Any CPU.ActiveCfg = Release|Any CPU
		{AD37D53C-4A61-4444-9134-165D4ECBDA8E}.Release|Any CPU.Build.0 = Release|Any CPU
		{22D0EBD3-0FC7-4D52-ADF8-5699DF8D32B7}.Debug|Any CPU.ActiveCfg = Debug|Any CPU
		{22D0EBD3-0FC7-4D52-ADF8-5699DF8D32B7}.Debug|Any CPU.Build.0 = Debug|Any CPU
		{22D0EBD3-0FC7-4D52-ADF8-5699DF8D32B7}.Release|Any CPU.ActiveCfg = Release|Any CPU
		{22D0EBD3-0FC7-4D52-ADF8-5699DF8D32B7}.Release|Any CPU.Build.0 = Release|Any CPU
		{EFE9828A-6D35-4062-90B1-7D3FE93DB74D}.Debug|Any CPU.ActiveCfg = Debug|Any CPU
		{EFE9828A-6D35-4062-90B1-7D3FE93DB74D}.Debug|Any CPU.Build.0 = Debug|Any CPU
		{EFE9828A-6D35-4062-90B1-7D3FE93DB74D}.Release|Any CPU.ActiveCfg = Release|Any CPU
		{EFE9828A-6D35-4062-90B1-7D3FE93DB74D}.Release|Any CPU.Build.0 = Release|Any CPU
	EndGlobalSection
	GlobalSection(SolutionProperties) = preSolution
		HideSolutionNode = FALSE
	EndGlobalSection
	GlobalSection(ExtensibilityGlobals) = postSolution
		SolutionGuid = {E7358994-04AE-4BB8-8F16-E781E955831B}
	EndGlobalSection
EndGlobal
